
Microsoft Visual Studio Solution File, Format Version 12.00
# Visual Studio 15
VisualStudioVersion = 15.0.27130.2036
MinimumVisualStudioVersion = 10.0.40219.1
Project("{2150E333-8FDC-42A3-9474-1A3956D46DE8}") = "1. Common", "1. Common", "{68C2C014-C837-4C06-8639-08B433B57B53}"
EndProject
Project("{2150E333-8FDC-42A3-9474-1A3956D46DE8}") = "2. Presentation Layer", "2. Presentation Layer", "{D03A0D2A-1ACC-4012-AB97-ED739F5B3F2D}"
EndProject
Project("{2150E333-8FDC-42A3-9474-1A3956D46DE8}") = "5. Domain Layer", "5. Domain Layer", "{3B86E9B2-B98C-463E-8A7B-E66BB78E04F5}"
EndProject
Project("{2150E333-8FDC-42A3-9474-1A3956D46DE8}") = "6. Persistance Layer", "6. Persistance Layer", "{9AF10E34-1168-4379-A48A-D8BB1C8FA7A1}"
EndProject
Project("{2150E333-8FDC-42A3-9474-1A3956D46DE8}") = "8. Testing", "8. Testing", "{C758DE2A-EA0C-473E-B6AF-A7A3C72042C3}"
EndProject
Project("{9A19103F-16F7-4668-BE54-9A1E7A4F7556}") = "DND.Web", "DND.Web\DND.Web.csproj", "{16EDDC5F-CA90-492A-8C53-5777B0C206EE}"
EndProject
Project("{FAE04EC0-301F-11D3-BF4B-00C04F79EFBC}") = "DND.Domain", "DND.Domain\DND.Domain.csproj", "{78F45465-8EF2-40DE-AA58-2EA76A9853D4}"
EndProject
Project("{FAE04EC0-301F-11D3-BF4B-00C04F79EFBC}") = "Solution.Base", "Solution.Base\Solution.Base.csproj", "{632121C5-DB10-4F32-A239-D4FA4EE8C12E}"
EndProject
Project("{FAE04EC0-301F-11D3-BF4B-00C04F79EFBC}") = "DND.UnitOfWork", "DND.UnitOfWork\DND.UnitOfWork.csproj", "{A635535D-845A-4BFE-8E6B-C8CDBD923BF6}"
EndProject
Project("{FAE04EC0-301F-11D3-BF4B-00C04F79EFBC}") = "DND.Repository", "DND.Repository\DND.Repository.csproj", "{BB78C4DF-150C-424F-972C-44024374333D}"
EndProject
Project("{FAE04EC0-301F-11D3-BF4B-00C04F79EFBC}") = "DND.EFPersistance", "DND.EFPersistance\DND.EFPersistance.csproj", "{B27F3141-B790-465D-A33B-1599E1F4C571}"
EndProject
Project("{FAE04EC0-301F-11D3-BF4B-00C04F79EFBC}") = "DND.EFPersistance.Identity", "DND.EFPersistance.Identity\DND.EFPersistance.Identity.csproj", "{AA508521-8EBB-434E-B71B-59A1A120A0AC}"
EndProject
Project("{2150E333-8FDC-42A3-9474-1A3956D46DE8}") = "0. Third Party", "0. Third Party", "{8D33C19C-F621-4951-8137-2012C026AEAE}"
EndProject
Project("{FAE04EC0-301F-11D3-BF4B-00C04F79EFBC}") = "Marvin.Cache.Headers", "Marvin.Cache.Headers\Marvin.Cache.Headers.csproj", "{72CC29E5-F8C5-4FEF-9F92-024283A19190}"
EndProject
Project("{FAE04EC0-301F-11D3-BF4B-00C04F79EFBC}") = "DND.UnitTests", "DND.UnitTests\DND.UnitTests.csproj", "{8FB5D20B-188D-4EE5-85AC-141A42EB89A3}"
EndProject
Project("{FAE04EC0-301F-11D3-BF4B-00C04F79EFBC}") = "DND.IntegrationTests", "DND.IntegrationTests\DND.IntegrationTests.csproj", "{CB9CD0EA-14D2-4D17-A7B0-A306DC7DC885}"
EndProject
Project("{2150E333-8FDC-42A3-9474-1A3956D46DE8}") = "3. Application Services Layer - Commands and Queries - CQRS", "3. Application Services Layer - Commands and Queries - CQRS", "{B4D11948-49F4-43ED-8CAA-3893E9C2A669}"
EndProject
Project("{2150E333-8FDC-42A3-9474-1A3956D46DE8}") = "4. Domain Services Layer", "4. Domain Services Layer", "{E81FF73D-CF30-4E46-BB75-C002A83E32E3}"
EndProject
Project("{2150E333-8FDC-42A3-9474-1A3956D46DE8}") = "7. Infrastructure Layer", "7. Infrastructure Layer", "{1C15CD7E-3864-44D1-94AB-E5422684218E}"
EndProject
Project("{FAE04EC0-301F-11D3-BF4B-00C04F79EFBC}") = "DND.Infrastructure", "DND.Infrastructure\DND.Infrastructure.csproj", "{29741BD0-CE09-4455-A83C-FD4A7FEED22E}"
EndProject
Project("{FAE04EC0-301F-11D3-BF4B-00C04F79EFBC}") = "DND.DomainServices", "DND.DomainServices\DND.DomainServices.csproj", "{00A1FCE1-7020-49B7-9E9D-0B1B551DDEFB}"
EndProject
Project("{FAE04EC0-301F-11D3-BF4B-00C04F79EFBC}") = "DND.ApplicationServices", "DND.ApplicationServices\DND.ApplicationServices.csproj", "{CD5B1A44-D686-4038-A6E9-3FA0F2993CDF}"
EndProject
Global
	GlobalSection(SolutionConfigurationPlatforms) = preSolution
		Debug|Any CPU = Debug|Any CPU
		Release|Any CPU = Release|Any CPU
	EndGlobalSection
	GlobalSection(ProjectConfigurationPlatforms) = postSolution
		{16EDDC5F-CA90-492A-8C53-5777B0C206EE}.Debug|Any CPU.ActiveCfg = Debug|Any CPU
		{16EDDC5F-CA90-492A-8C53-5777B0C206EE}.Debug|Any CPU.Build.0 = Debug|Any CPU
		{16EDDC5F-CA90-492A-8C53-5777B0C206EE}.Release|Any CPU.ActiveCfg = Release|Any CPU
		{16EDDC5F-CA90-492A-8C53-5777B0C206EE}.Release|Any CPU.Build.0 = Release|Any CPU
		{78F45465-8EF2-40DE-AA58-2EA76A9853D4}.Debug|Any CPU.ActiveCfg = Debug|Any CPU
		{78F45465-8EF2-40DE-AA58-2EA76A9853D4}.Debug|Any CPU.Build.0 = Debug|Any CPU
		{78F45465-8EF2-40DE-AA58-2EA76A9853D4}.Release|Any CPU.ActiveCfg = Release|Any CPU
		{78F45465-8EF2-40DE-AA58-2EA76A9853D4}.Release|Any CPU.Build.0 = Release|Any CPU
		{632121C5-DB10-4F32-A239-D4FA4EE8C12E}.Debug|Any CPU.ActiveCfg = Debug|Any CPU
		{632121C5-DB10-4F32-A239-D4FA4EE8C12E}.Debug|Any CPU.Build.0 = Debug|Any CPU
		{632121C5-DB10-4F32-A239-D4FA4EE8C12E}.Release|Any CPU.ActiveCfg = Release|Any CPU
		{632121C5-DB10-4F32-A239-D4FA4EE8C12E}.Release|Any CPU.Build.0 = Release|Any CPU
		{A635535D-845A-4BFE-8E6B-C8CDBD923BF6}.Debug|Any CPU.ActiveCfg = Debug|Any CPU
		{A635535D-845A-4BFE-8E6B-C8CDBD923BF6}.Debug|Any CPU.Build.0 = Debug|Any CPU
		{A635535D-845A-4BFE-8E6B-C8CDBD923BF6}.Release|Any CPU.ActiveCfg = Release|Any CPU
		{A635535D-845A-4BFE-8E6B-C8CDBD923BF6}.Release|Any CPU.Build.0 = Release|Any CPU
		{BB78C4DF-150C-424F-972C-44024374333D}.Debug|Any CPU.ActiveCfg = Debug|Any CPU
		{BB78C4DF-150C-424F-972C-44024374333D}.Debug|Any CPU.Build.0 = Debug|Any CPU
		{BB78C4DF-150C-424F-972C-44024374333D}.Release|Any CPU.ActiveCfg = Release|Any CPU
		{BB78C4DF-150C-424F-972C-44024374333D}.Release|Any CPU.Build.0 = Release|Any CPU
		{B27F3141-B790-465D-A33B-1599E1F4C571}.Debug|Any CPU.ActiveCfg = Debug|Any CPU
		{B27F3141-B790-465D-A33B-1599E1F4C571}.Debug|Any CPU.Build.0 = Debug|Any CPU
		{B27F3141-B790-465D-A33B-1599E1F4C571}.Release|Any CPU.ActiveCfg = Release|Any CPU
		{B27F3141-B790-465D-A33B-1599E1F4C571}.Release|Any CPU.Build.0 = Release|Any CPU
		{AA508521-8EBB-434E-B71B-59A1A120A0AC}.Debug|Any CPU.ActiveCfg = Debug|Any CPU
		{AA508521-8EBB-434E-B71B-59A1A120A0AC}.Debug|Any CPU.Build.0 = Debug|Any CPU
		{AA508521-8EBB-434E-B71B-59A1A120A0AC}.Release|Any CPU.ActiveCfg = Release|Any CPU
		{AA508521-8EBB-434E-B71B-59A1A120A0AC}.Release|Any CPU.Build.0 = Release|Any CPU
		{72CC29E5-F8C5-4FEF-9F92-024283A19190}.Debug|Any CPU.ActiveCfg = Debug|Any CPU
		{72CC29E5-F8C5-4FEF-9F92-024283A19190}.Debug|Any CPU.Build.0 = Debug|Any CPU
		{72CC29E5-F8C5-4FEF-9F92-024283A19190}.Release|Any CPU.ActiveCfg = Release|Any CPU
		{72CC29E5-F8C5-4FEF-9F92-024283A19190}.Release|Any CPU.Build.0 = Release|Any CPU
		{8FB5D20B-188D-4EE5-85AC-141A42EB89A3}.Debug|Any CPU.ActiveCfg = Debug|Any CPU
		{8FB5D20B-188D-4EE5-85AC-141A42EB89A3}.Debug|Any CPU.Build.0 = Debug|Any CPU
		{8FB5D20B-188D-4EE5-85AC-141A42EB89A3}.Release|Any CPU.ActiveCfg = Release|Any CPU
		{8FB5D20B-188D-4EE5-85AC-141A42EB89A3}.Release|Any CPU.Build.0 = Release|Any CPU
		{CB9CD0EA-14D2-4D17-A7B0-A306DC7DC885}.Debug|Any CPU.ActiveCfg = Debug|Any CPU
		{CB9CD0EA-14D2-4D17-A7B0-A306DC7DC885}.Debug|Any CPU.Build.0 = Debug|Any CPU
		{CB9CD0EA-14D2-4D17-A7B0-A306DC7DC885}.Release|Any CPU.ActiveCfg = Release|Any CPU
		{CB9CD0EA-14D2-4D17-A7B0-A306DC7DC885}.Release|Any CPU.Build.0 = Release|Any CPU
		{29741BD0-CE09-4455-A83C-FD4A7FEED22E}.Debug|Any CPU.ActiveCfg = Debug|Any CPU
		{29741BD0-CE09-4455-A83C-FD4A7FEED22E}.Debug|Any CPU.Build.0 = Debug|Any CPU
		{29741BD0-CE09-4455-A83C-FD4A7FEED22E}.Release|Any CPU.ActiveCfg = Release|Any CPU
		{29741BD0-CE09-4455-A83C-FD4A7FEED22E}.Release|Any CPU.Build.0 = Release|Any CPU
		{00A1FCE1-7020-49B7-9E9D-0B1B551DDEFB}.Debug|Any CPU.ActiveCfg = Debug|Any CPU
		{00A1FCE1-7020-49B7-9E9D-0B1B551DDEFB}.Debug|Any CPU.Build.0 = Debug|Any CPU
		{00A1FCE1-7020-49B7-9E9D-0B1B551DDEFB}.Release|Any CPU.ActiveCfg = Release|Any CPU
		{00A1FCE1-7020-49B7-9E9D-0B1B551DDEFB}.Release|Any CPU.Build.0 = Release|Any CPU
		{CD5B1A44-D686-4038-A6E9-3FA0F2993CDF}.Debug|Any CPU.ActiveCfg = Debug|Any CPU
		{CD5B1A44-D686-4038-A6E9-3FA0F2993CDF}.Debug|Any CPU.Build.0 = Debug|Any CPU
		{CD5B1A44-D686-4038-A6E9-3FA0F2993CDF}.Release|Any CPU.ActiveCfg = Release|Any CPU
		{CD5B1A44-D686-4038-A6E9-3FA0F2993CDF}.Release|Any CPU.Build.0 = Release|Any CPU
	EndGlobalSection
	GlobalSection(SolutionProperties) = preSolution
		HideSolutionNode = FALSE
	EndGlobalSection
	GlobalSection(NestedProjects) = preSolution
		{16EDDC5F-CA90-492A-8C53-5777B0C206EE} = {D03A0D2A-1ACC-4012-AB97-ED739F5B3F2D}
		{78F45465-8EF2-40DE-AA58-2EA76A9853D4} = {3B86E9B2-B98C-463E-8A7B-E66BB78E04F5}
		{632121C5-DB10-4F32-A239-D4FA4EE8C12E} = {68C2C014-C837-4C06-8639-08B433B57B53}
		{A635535D-845A-4BFE-8E6B-C8CDBD923BF6} = {9AF10E34-1168-4379-A48A-D8BB1C8FA7A1}
		{BB78C4DF-150C-424F-972C-44024374333D} = {9AF10E34-1168-4379-A48A-D8BB1C8FA7A1}
		{B27F3141-B790-465D-A33B-1599E1F4C571} = {9AF10E34-1168-4379-A48A-D8BB1C8FA7A1}
		{AA508521-8EBB-434E-B71B-59A1A120A0AC} = {9AF10E34-1168-4379-A48A-D8BB1C8FA7A1}
		{72CC29E5-F8C5-4FEF-9F92-024283A19190} = {8D33C19C-F621-4951-8137-2012C026AEAE}
		{8FB5D20B-188D-4EE5-85AC-141A42EB89A3} = {C758DE2A-EA0C-473E-B6AF-A7A3C72042C3}
		{CB9CD0EA-14D2-4D17-A7B0-A306DC7DC885} = {C758DE2A-EA0C-473E-B6AF-A7A3C72042C3}
		{29741BD0-CE09-4455-A83C-FD4A7FEED22E} = {1C15CD7E-3864-44D1-94AB-E5422684218E}
		{00A1FCE1-7020-49B7-9E9D-0B1B551DDEFB} = {E81FF73D-CF30-4E46-BB75-C002A83E32E3}
		{CD5B1A44-D686-4038-A6E9-3FA0F2993CDF} = {B4D11948-49F4-43ED-8CAA-3893E9C2A669}
	EndGlobalSection
	GlobalSection(ExtensibilityGlobals) = postSolution
		SolutionGuid = {5B54D31F-CB17-4DF0-B3C0-98E68139F0C2}
	EndGlobalSection
	GlobalSection(Performance) = preSolution
		HasPerformanceSessions = true
	EndGlobalSection
	GlobalSection(Performance) = preSolution
		HasPerformanceSessions = true
	EndGlobalSection
EndGlobal
