
Microsoft Visual Studio Solution File, Format Version 12.00
# Visual Studio 15
VisualStudioVersion = 15.0.27130.2036
MinimumVisualStudioVersion = 10.0.40219.1
Project("{FAE04EC0-301F-11D3-BF4B-00C04F79EFBC}") = "DND.Bot", "src\DND.Bot\DND.Bot.csproj", "{BFB5FF62-CE7F-433A-9BEC-6F5FC0AE2352}"
EndProject
Project("{9A19103F-16F7-4668-BE54-9A1E7A4F7556}") = "DND.Web", "src\DND.Web\DND.Web.csproj", "{239D9DCC-DFD7-40C9-9E0E-55F2331109AD}"
EndProject
Project("{FAE04EC0-301F-11D3-BF4B-00C04F79EFBC}") = "DND.Infrastructure", "src\DND.Infrastructure\DND.Infrastructure.csproj", "{29741BD0-CE09-4455-A83C-FD4A7FEED22E}"
EndProject
Project("{FAE04EC0-301F-11D3-BF4B-00C04F79EFBC}") = "DND.Common", "src\DND.Common\DND.Common.csproj", "{632121C5-DB10-4F32-A239-D4FA4EE8C12E}"
EndProject
Project("{2150E333-8FDC-42A3-9474-1A3956D46DE8}") = "Solution Items", "Solution Items", "{B4CB4FAF-366E-48C6-8283-3D035A848EC8}"
	ProjectSection(SolutionItems) = preProject
		Notes.txt = Notes.txt
		npm and nuget.txt = npm and nuget.txt
		README.md = README.md
	EndProjectSection
EndProject
Project("{2150E333-8FDC-42A3-9474-1A3956D46DE8}") = "Tests", "Tests", "{25FB094F-F1C9-4BB6-9F06-138105F5CBBE}"
EndProject
Project("{2150E333-8FDC-42A3-9474-1A3956D46DE8}") = "BC_CMS", "BC_CMS", "{77FD9F99-E03E-41D2-995C-3D79B2D13A93}"
EndProject
Project("{2150E333-8FDC-42A3-9474-1A3956D46DE8}") = "BC_Blog", "BC_Blog", "{42939AE9-6A24-416B-AA7D-5D1790DE7042}"
EndProject
Project("{2150E333-8FDC-42A3-9474-1A3956D46DE8}") = "BC_FlightSearch", "BC_FlightSearch", "{C1212A52-56A1-4521-99DF-3D62EFE7A799}"
EndProject
Project("{2150E333-8FDC-42A3-9474-1A3956D46DE8}") = "4. DomainServices", "4. DomainServices", "{720414F3-BFBD-499A-9F44-62949931F32A}"
EndProject
Project("{2150E333-8FDC-42A3-9474-1A3956D46DE8}") = "1. Domain", "1. Domain", "{0C234DAA-FA75-4B93-A3E5-2106C240C132}"
EndProject
Project("{2150E333-8FDC-42A3-9474-1A3956D46DE8}") = "3. ApplicationServices - Commands and Queries - CQRS", "3. ApplicationServices - Commands and Queries - CQRS", "{9B4FDA98-4753-4329-B768-1808E5D65889}"
EndProject
Project("{2150E333-8FDC-42A3-9474-1A3956D46DE8}") = "1. Domain", "1. Domain", "{2FDB6E8F-8C71-4CE7-A1B5-D3EF68861CEA}"
EndProject
Project("{2150E333-8FDC-42A3-9474-1A3956D46DE8}") = "3. ApplicationServices - Commands and Queries - CQRS", "3. ApplicationServices - Commands and Queries - CQRS", "{62E978AC-76D5-4B3F-A939-9DE7A94F5031}"
EndProject
Project("{2150E333-8FDC-42A3-9474-1A3956D46DE8}") = "4. DomainServices", "4. DomainServices", "{C64C2AA4-C152-4427-AE81-06777403F99A}"
EndProject
Project("{2150E333-8FDC-42A3-9474-1A3956D46DE8}") = "1. Domain", "1. Domain", "{4284C013-D8BF-4283-8056-BD90C2168119}"
EndProject
Project("{2150E333-8FDC-42A3-9474-1A3956D46DE8}") = "3. ApplicationServices - Commands and Queries - CQRS", "3. ApplicationServices - Commands and Queries - CQRS", "{AC6870A7-389E-41AB-8346-43B2FB89F095}"
EndProject
Project("{2150E333-8FDC-42A3-9474-1A3956D46DE8}") = "4. DomainServices", "4. DomainServices", "{B15F7006-82C4-4DA9-BFEB-40C318DFB7E9}"
EndProject
Project("{2150E333-8FDC-42A3-9474-1A3956D46DE8}") = "5. Data", "5. Data", "{BEF992D8-4E24-4E94-9410-53CD2B231D70}"
EndProject
Project("{2150E333-8FDC-42A3-9474-1A3956D46DE8}") = "5. Data", "5. Data", "{65E8D584-D933-4139-9567-424978D61C18}"
EndProject
Project("{2150E333-8FDC-42A3-9474-1A3956D46DE8}") = "5. Data", "5. Data", "{0E66D285-0E37-4BC8-8A0B-C72C19A0AA83}"
EndProject
Project("{2150E333-8FDC-42A3-9474-1A3956D46DE8}") = "Common", "Common", "{A95C0C13-B2FC-43CD-AAD8-ABF30FDED901}"
EndProject
Project("{2150E333-8FDC-42A3-9474-1A3956D46DE8}") = "BC_Identity", "BC_Identity", "{1D02ADC7-6A09-4463-A120-D1B1ADB596D8}"
EndProject
Project("{FAE04EC0-301F-11D3-BF4B-00C04F79EFBC}") = "DND.Domain.Blog", "src\DND.Domain.Blog\DND.Domain.Blog.csproj", "{A81C1F68-E64E-473F-B397-45F64FD5E188}"
EndProject
Project("{FAE04EC0-301F-11D3-BF4B-00C04F79EFBC}") = "DND.Domain.CMS", "src\DND.Domain.CMS\DND.Domain.CMS.csproj", "{FB3174F0-A81A-49F6-AC0F-95E46AB9D0F9}"
EndProject
Project("{FAE04EC0-301F-11D3-BF4B-00C04F79EFBC}") = "DND.Domain.FlightSearch", "src\DND.Domain.FlightSearch\DND.Domain.FlightSearch.csproj", "{0243F87D-007F-4B74-9429-FA8CC64C4BAC}"
EndProject
Project("{2150E333-8FDC-42A3-9474-1A3956D46DE8}") = "2. Interfaces", "2. Interfaces", "{E5B39CD9-73F4-4970-A92D-6726C2AECD55}"
EndProject
Project("{FAE04EC0-301F-11D3-BF4B-00C04F79EFBC}") = "DND.Interfaces.Blog", "src\DND.Interfaces.Blog\DND.Interfaces.Blog.csproj", "{E3AD2968-0E0A-4331-99B3-2D8FC3FF23E4}"
EndProject
Project("{FAE04EC0-301F-11D3-BF4B-00C04F79EFBC}") = "DND.Interfaces.CMS", "src\DND.Interfaces.CMS\DND.Interfaces.CMS.csproj", "{FD348F97-EDD9-4E2D-AB0E-BDEC23F3CB5A}"
EndProject
Project("{2150E333-8FDC-42A3-9474-1A3956D46DE8}") = "2. Interfaces", "2. Interfaces", "{2068C6DE-DCAE-4282-9BB5-9702AD985669}"
EndProject
Project("{2150E333-8FDC-42A3-9474-1A3956D46DE8}") = "2. Interfaces", "2. Interfaces", "{27C4059E-FE53-4EA9-A92D-46B4D7F70A00}"
EndProject
Project("{FAE04EC0-301F-11D3-BF4B-00C04F79EFBC}") = "DND.Interfaces.FlightSearch", "src\DND.Interfaces.FlightSearch\DND.Interfaces.FlightSearch.csproj", "{76F827E3-7B3D-4491-9298-76036EDA6EBE}"
EndProject
Project("{FAE04EC0-301F-11D3-BF4B-00C04F79EFBC}") = "DND.ApplicationServices.Blog", "src\DND.ApplicationServices.Blog\DND.ApplicationServices.Blog.csproj", "{46E6FD09-A2D4-4EB2-9029-7943600E9B79}"
EndProject
Project("{FAE04EC0-301F-11D3-BF4B-00C04F79EFBC}") = "DND.ApplicationServices.CMS", "src\DND.ApplicationServices.CMS\DND.ApplicationServices.CMS.csproj", "{37FBC095-B03A-466A-8707-3FE2F5534088}"
EndProject
Project("{FAE04EC0-301F-11D3-BF4B-00C04F79EFBC}") = "DND.ApplicationServices.FlightSearch", "src\DND.ApplicationServices.FlightSearch\DND.ApplicationServices.FlightSearch.csproj", "{6F6873B4-9568-4B65-B33D-C08C85EBC373}"
EndProject
Project("{FAE04EC0-301F-11D3-BF4B-00C04F79EFBC}") = "DND.DomainServices.Blog", "src\DND.DomainServices.Blog\DND.DomainServices.Blog.csproj", "{94A5094C-7E3B-41F7-9619-4A8A9890A9A9}"
EndProject
Project("{FAE04EC0-301F-11D3-BF4B-00C04F79EFBC}") = "DND.DomainServices.CMS", "src\DND.DomainServices.CMS\DND.DomainServices.CMS.csproj", "{D3963C56-84B6-4951-819A-445E4ED11C15}"
EndProject
Project("{FAE04EC0-301F-11D3-BF4B-00C04F79EFBC}") = "DND.DomainServices.FlightSearch", "src\DND.DomainServices.FlightSearch\DND.DomainServices.FlightSearch.csproj", "{47335015-F93E-4491-A97E-1433D3D6095D}"
EndProject
Project("{FAE04EC0-301F-11D3-BF4B-00C04F79EFBC}") = "DND.Data.CMS", "src\DND.Data.CMS\DND.Data.CMS.csproj", "{24EC2891-998A-4961-8E45-A62525452864}"
EndProject
Project("{FAE04EC0-301F-11D3-BF4B-00C04F79EFBC}") = "DND.Data.Blog", "src\DND.Data.Blog\DND.Data.Blog.csproj", "{3D770AB3-450B-4EEE-8E0A-E187184EAE22}"
EndProject
Project("{2150E333-8FDC-42A3-9474-1A3956D46DE8}") = "1. Domain", "1. Domain", "{16EDB506-76BE-45E2-96AE-C3B39E09CBA4}"
EndProject
Project("{2150E333-8FDC-42A3-9474-1A3956D46DE8}") = "2. Interfaces", "2. Interfaces", "{C013ADB4-97CB-433B-A823-768BFB8566C8}"
EndProject
Project("{2150E333-8FDC-42A3-9474-1A3956D46DE8}") = "3. ApplicationServices - Commands and Queries - CQRS", "3. ApplicationServices - Commands and Queries - CQRS", "{D47475C6-7204-4F55-A2F0-A2F85472A828}"
EndProject
Project("{2150E333-8FDC-42A3-9474-1A3956D46DE8}") = "4. DomainServices", "4. DomainServices", "{ACB68612-89C1-42DD-A9B5-E736397CE023}"
EndProject
Project("{2150E333-8FDC-42A3-9474-1A3956D46DE8}") = "5. Data", "5. Data", "{097ECE28-CF96-489F-8E05-53FC7D015312}"
EndProject
Project("{FAE04EC0-301F-11D3-BF4B-00C04F79EFBC}") = "DND.Data.Identity", "src\DND.Data.Identity\DND.Data.Identity.csproj", "{FAB3AADC-3B90-4667-B16F-D5FE7E9D8017}"
EndProject
Project("{FAE04EC0-301F-11D3-BF4B-00C04F79EFBC}") = "DND.Domain.Identity", "src\DND.Domain.Identity\DND.Domain.Identity.csproj", "{A2D601BF-C0D3-4B3A-9977-5892970801AC}"
EndProject
Project("{FAE04EC0-301F-11D3-BF4B-00C04F79EFBC}") = "DND.Data", "src\DND.Data\DND.Data.csproj", "{2350A5DF-2635-47C9-9EB9-9D8E9D188955}"
EndProject
Project("{2150E333-8FDC-42A3-9474-1A3956D46DE8}") = "Third Party Libraries", "Third Party Libraries", "{7D8B3A8E-C5B4-4D1D-BF13-D42EE7C1E2AD}"
EndProject
Project("{2150E333-8FDC-42A3-9474-1A3956D46DE8}") = "Data", "Data", "{B876A243-D531-4F76-8DCD-E7E20BB5750A}"
EndProject
Project("{2150E333-8FDC-42A3-9474-1A3956D46DE8}") = "Infrastructure", "Infrastructure", "{E8FC6440-F97B-4765-BDBF-2AD743F03E1C}"
EndProject
Project("{2150E333-8FDC-42A3-9474-1A3956D46DE8}") = "6. Tests", "6. Tests", "{153098E5-67EC-46B3-AADB-7CCD20290DA4}"
EndProject
Project("{2150E333-8FDC-42A3-9474-1A3956D46DE8}") = "6. Tests", "6. Tests", "{CDD297B2-74DA-47A4-89E9-C4185C09E26B}"
EndProject
Project("{2150E333-8FDC-42A3-9474-1A3956D46DE8}") = "6. Tests", "6. Tests", "{EB7C34E8-F9CF-42E1-8046-00A64F44C4EB}"
EndProject
Project("{FAE04EC0-301F-11D3-BF4B-00C04F79EFBC}") = "Marvin.Cache.Headers", "lib\Marvin.Cache.Headers\Marvin.Cache.Headers.csproj", "{72CC29E5-F8C5-4FEF-9F92-024283A19190}"
EndProject
Project("{2150E333-8FDC-42A3-9474-1A3956D46DE8}") = "ApplicationServices", "ApplicationServices", "{F300883A-89C5-47E7-95A3-30A8EA9A3FCE}"
EndProject
Project("{FAE04EC0-301F-11D3-BF4B-00C04F79EFBC}") = "DND.ApplicationServices", "src\DND.ApplicationServices\DND.ApplicationServices.csproj", "{EF3BF2C9-0D06-4348-A857-7750C48DEBFC}"
EndProject
Project("{2150E333-8FDC-42A3-9474-1A3956D46DE8}") = "Docs", "Docs", "{F0C97453-A548-48CB-ADE4-623A2CEBFA0B}"
	ProjectSection(SolutionItems) = preProject
		docs\CD.png = docs\CD.png
		docs\CD2.png = docs\CD2.png
		docs\CI.png = docs\CI.png
		docs\Domain Events Diagram.png = docs\Domain Events Diagram.png
		docs\Domain Events Diagram.xml = docs\Domain Events Diagram.xml
	EndProjectSection
EndProject
Project("{FAE04EC0-301F-11D3-BF4B-00C04F79EFBC}") = "DND.IntegrationTestsNUnit", "tests\DND.IntegrationTestsNUnit\DND.IntegrationTestsNUnit.csproj", "{CB9CD0EA-14D2-4D17-A7B0-A306DC7DC885}"
EndProject
Project("{FAE04EC0-301F-11D3-BF4B-00C04F79EFBC}") = "DND.IntegrationTestsXUnit", "tests\DND.IntegrationTestsXUnit\DND.IntegrationTestsXUnit.csproj", "{DAD7CD92-3452-4C7D-A9B8-B5200A8AAC04}"
EndProject
Project("{FAE04EC0-301F-11D3-BF4B-00C04F79EFBC}") = "DND.TestSetup", "tests\DND.TestSetup\DND.TestSetup.csproj", "{BCDBC81C-7633-436E-AF11-0714C854079D}"
EndProject
Project("{FAE04EC0-301F-11D3-BF4B-00C04F79EFBC}") = "DND.UITests", "tests\DND.UITests\DND.UITests.csproj", "{5B8159EA-B8E9-41CD-9FFC-2190237AB4EF}"
EndProject
Project("{2150E333-8FDC-42A3-9474-1A3956D46DE8}") = "Interfaces", "Interfaces", "{F83686E7-85C2-47FB-884E-5699C9F35232}"
EndProject
Project("{FAE04EC0-301F-11D3-BF4B-00C04F79EFBC}") = "DND.Interfaces", "src\DND.Interfaces\DND.Interfaces.csproj", "{C0CCF34A-E0CA-45A4-88C1-D451EA3CE8B0}"
EndProject
Project("{FAE04EC0-301F-11D3-BF4B-00C04F79EFBC}") = "DND.UnitTests.FlightSearch", "tests\DND.UnitTests.FlightSearch\DND.UnitTests.FlightSearch.csproj", "{DF398580-05A2-46AD-86E8-75C972353004}"
EndProject
Project("{FAE04EC0-301F-11D3-BF4B-00C04F79EFBC}") = "DND.UnitTests.CMS", "tests\DND.UnitTests.CMS\DND.UnitTests.CMS.csproj", "{AFA064FA-1403-434C-B93F-F05DC3BEFEF7}"
EndProject
Project("{FAE04EC0-301F-11D3-BF4B-00C04F79EFBC}") = "DND.UnitTests.Blog", "tests\DND.UnitTests.Blog\DND.UnitTests.Blog.csproj", "{7C2758EC-59F3-4E25-9532-B244D965C05E}"
EndProject
Project("{FAE04EC0-301F-11D3-BF4B-00C04F79EFBC}") = "DND.UnitTests.Common", "tests\DND.UnitTests.Common\DND.UnitTests.Common.csproj", "{5166C5B6-8FF9-43F6-AB36-E9A7A26C0435}"
EndProject
Project("{FAE04EC0-301F-11D3-BF4B-00C04F79EFBC}") = "BitcoinUtilities.NET", "lib\BitcoinUtilities.NET\BitcoinUtilities.NET.csproj", "{E054C08C-8B6E-4767-999B-F7DE5F8A1E94}"
EndProject
Project("{FAE04EC0-301F-11D3-BF4B-00C04F79EFBC}") = "KeyCore.NET", "lib\KeyCore.NET\KeyCore.NET.csproj", "{C4DEA306-79E2-4154-9F46-EC1D22530850}"
EndProject
Project("{9A19103F-16F7-4668-BE54-9A1E7A4F7556}") = "DND.IDP", "src\DND.IDP\DND.IDP.csproj", "{68B84F31-BE01-4C97-A052-76D26438D10D}"
EndProject
Project("{FAE04EC0-301F-11D3-BF4B-00C04F79EFBC}") = "DND.Cryptography", "src\DND.Cryptography\DND.Cryptography.csproj", "{AC8AFEFD-FD61-4752-A7F6-A2828332E44A}"
EndProject
Project("{9A19103F-16F7-4668-BE54-9A1E7A4F7556}") = "DND.Spa", "src\DND.Spa\DND.Spa.csproj", "{0879B793-076B-4B0D-B288-693CEAFB64E6}"
EndProject
Global
	GlobalSection(SolutionConfigurationPlatforms) = preSolution
		Debug|Any CPU = Debug|Any CPU
		Release|Any CPU = Release|Any CPU
	EndGlobalSection
	GlobalSection(ProjectConfigurationPlatforms) = postSolution
		{BFB5FF62-CE7F-433A-9BEC-6F5FC0AE2352}.Debug|Any CPU.ActiveCfg = Debug|Any CPU
		{BFB5FF62-CE7F-433A-9BEC-6F5FC0AE2352}.Debug|Any CPU.Build.0 = Debug|Any CPU
		{BFB5FF62-CE7F-433A-9BEC-6F5FC0AE2352}.Release|Any CPU.ActiveCfg = Release|Any CPU
		{BFB5FF62-CE7F-433A-9BEC-6F5FC0AE2352}.Release|Any CPU.Build.0 = Release|Any CPU
		{239D9DCC-DFD7-40C9-9E0E-55F2331109AD}.Debug|Any CPU.ActiveCfg = Debug|Any CPU
		{239D9DCC-DFD7-40C9-9E0E-55F2331109AD}.Debug|Any CPU.Build.0 = Debug|Any CPU
		{239D9DCC-DFD7-40C9-9E0E-55F2331109AD}.Release|Any CPU.ActiveCfg = Release|Any CPU
		{239D9DCC-DFD7-40C9-9E0E-55F2331109AD}.Release|Any CPU.Build.0 = Release|Any CPU
		{29741BD0-CE09-4455-A83C-FD4A7FEED22E}.Debug|Any CPU.ActiveCfg = Debug|Any CPU
		{29741BD0-CE09-4455-A83C-FD4A7FEED22E}.Debug|Any CPU.Build.0 = Debug|Any CPU
		{29741BD0-CE09-4455-A83C-FD4A7FEED22E}.Release|Any CPU.ActiveCfg = Release|Any CPU
		{29741BD0-CE09-4455-A83C-FD4A7FEED22E}.Release|Any CPU.Build.0 = Release|Any CPU
		{632121C5-DB10-4F32-A239-D4FA4EE8C12E}.Debug|Any CPU.ActiveCfg = Debug|Any CPU
		{632121C5-DB10-4F32-A239-D4FA4EE8C12E}.Debug|Any CPU.Build.0 = Debug|Any CPU
		{632121C5-DB10-4F32-A239-D4FA4EE8C12E}.Release|Any CPU.ActiveCfg = Release|Any CPU
		{632121C5-DB10-4F32-A239-D4FA4EE8C12E}.Release|Any CPU.Build.0 = Release|Any CPU
		{A81C1F68-E64E-473F-B397-45F64FD5E188}.Debug|Any CPU.ActiveCfg = Debug|Any CPU
		{A81C1F68-E64E-473F-B397-45F64FD5E188}.Debug|Any CPU.Build.0 = Debug|Any CPU
		{A81C1F68-E64E-473F-B397-45F64FD5E188}.Release|Any CPU.ActiveCfg = Release|Any CPU
		{A81C1F68-E64E-473F-B397-45F64FD5E188}.Release|Any CPU.Build.0 = Release|Any CPU
		{FB3174F0-A81A-49F6-AC0F-95E46AB9D0F9}.Debug|Any CPU.ActiveCfg = Debug|Any CPU
		{FB3174F0-A81A-49F6-AC0F-95E46AB9D0F9}.Debug|Any CPU.Build.0 = Debug|Any CPU
		{FB3174F0-A81A-49F6-AC0F-95E46AB9D0F9}.Release|Any CPU.ActiveCfg = Release|Any CPU
		{FB3174F0-A81A-49F6-AC0F-95E46AB9D0F9}.Release|Any CPU.Build.0 = Release|Any CPU
		{0243F87D-007F-4B74-9429-FA8CC64C4BAC}.Debug|Any CPU.ActiveCfg = Debug|Any CPU
		{0243F87D-007F-4B74-9429-FA8CC64C4BAC}.Debug|Any CPU.Build.0 = Debug|Any CPU
		{0243F87D-007F-4B74-9429-FA8CC64C4BAC}.Release|Any CPU.ActiveCfg = Release|Any CPU
		{0243F87D-007F-4B74-9429-FA8CC64C4BAC}.Release|Any CPU.Build.0 = Release|Any CPU
		{E3AD2968-0E0A-4331-99B3-2D8FC3FF23E4}.Debug|Any CPU.ActiveCfg = Debug|Any CPU
		{E3AD2968-0E0A-4331-99B3-2D8FC3FF23E4}.Debug|Any CPU.Build.0 = Debug|Any CPU
		{E3AD2968-0E0A-4331-99B3-2D8FC3FF23E4}.Release|Any CPU.ActiveCfg = Release|Any CPU
		{E3AD2968-0E0A-4331-99B3-2D8FC3FF23E4}.Release|Any CPU.Build.0 = Release|Any CPU
		{FD348F97-EDD9-4E2D-AB0E-BDEC23F3CB5A}.Debug|Any CPU.ActiveCfg = Debug|Any CPU
		{FD348F97-EDD9-4E2D-AB0E-BDEC23F3CB5A}.Debug|Any CPU.Build.0 = Debug|Any CPU
		{FD348F97-EDD9-4E2D-AB0E-BDEC23F3CB5A}.Release|Any CPU.ActiveCfg = Release|Any CPU
		{FD348F97-EDD9-4E2D-AB0E-BDEC23F3CB5A}.Release|Any CPU.Build.0 = Release|Any CPU
		{76F827E3-7B3D-4491-9298-76036EDA6EBE}.Debug|Any CPU.ActiveCfg = Debug|Any CPU
		{76F827E3-7B3D-4491-9298-76036EDA6EBE}.Debug|Any CPU.Build.0 = Debug|Any CPU
		{76F827E3-7B3D-4491-9298-76036EDA6EBE}.Release|Any CPU.ActiveCfg = Release|Any CPU
		{76F827E3-7B3D-4491-9298-76036EDA6EBE}.Release|Any CPU.Build.0 = Release|Any CPU
		{46E6FD09-A2D4-4EB2-9029-7943600E9B79}.Debug|Any CPU.ActiveCfg = Debug|Any CPU
		{46E6FD09-A2D4-4EB2-9029-7943600E9B79}.Debug|Any CPU.Build.0 = Debug|Any CPU
		{46E6FD09-A2D4-4EB2-9029-7943600E9B79}.Release|Any CPU.ActiveCfg = Release|Any CPU
		{46E6FD09-A2D4-4EB2-9029-7943600E9B79}.Release|Any CPU.Build.0 = Release|Any CPU
		{37FBC095-B03A-466A-8707-3FE2F5534088}.Debug|Any CPU.ActiveCfg = Debug|Any CPU
		{37FBC095-B03A-466A-8707-3FE2F5534088}.Debug|Any CPU.Build.0 = Debug|Any CPU
		{37FBC095-B03A-466A-8707-3FE2F5534088}.Release|Any CPU.ActiveCfg = Release|Any CPU
		{37FBC095-B03A-466A-8707-3FE2F5534088}.Release|Any CPU.Build.0 = Release|Any CPU
		{6F6873B4-9568-4B65-B33D-C08C85EBC373}.Debug|Any CPU.ActiveCfg = Debug|Any CPU
		{6F6873B4-9568-4B65-B33D-C08C85EBC373}.Debug|Any CPU.Build.0 = Debug|Any CPU
		{6F6873B4-9568-4B65-B33D-C08C85EBC373}.Release|Any CPU.ActiveCfg = Release|Any CPU
		{6F6873B4-9568-4B65-B33D-C08C85EBC373}.Release|Any CPU.Build.0 = Release|Any CPU
		{94A5094C-7E3B-41F7-9619-4A8A9890A9A9}.Debug|Any CPU.ActiveCfg = Debug|Any CPU
		{94A5094C-7E3B-41F7-9619-4A8A9890A9A9}.Debug|Any CPU.Build.0 = Debug|Any CPU
		{94A5094C-7E3B-41F7-9619-4A8A9890A9A9}.Release|Any CPU.ActiveCfg = Release|Any CPU
		{94A5094C-7E3B-41F7-9619-4A8A9890A9A9}.Release|Any CPU.Build.0 = Release|Any CPU
		{D3963C56-84B6-4951-819A-445E4ED11C15}.Debug|Any CPU.ActiveCfg = Debug|Any CPU
		{D3963C56-84B6-4951-819A-445E4ED11C15}.Debug|Any CPU.Build.0 = Debug|Any CPU
		{D3963C56-84B6-4951-819A-445E4ED11C15}.Release|Any CPU.ActiveCfg = Release|Any CPU
		{D3963C56-84B6-4951-819A-445E4ED11C15}.Release|Any CPU.Build.0 = Release|Any CPU
		{47335015-F93E-4491-A97E-1433D3D6095D}.Debug|Any CPU.ActiveCfg = Debug|Any CPU
		{47335015-F93E-4491-A97E-1433D3D6095D}.Debug|Any CPU.Build.0 = Debug|Any CPU
		{47335015-F93E-4491-A97E-1433D3D6095D}.Release|Any CPU.ActiveCfg = Release|Any CPU
		{47335015-F93E-4491-A97E-1433D3D6095D}.Release|Any CPU.Build.0 = Release|Any CPU
		{24EC2891-998A-4961-8E45-A62525452864}.Debug|Any CPU.ActiveCfg = Debug|Any CPU
		{24EC2891-998A-4961-8E45-A62525452864}.Debug|Any CPU.Build.0 = Debug|Any CPU
		{24EC2891-998A-4961-8E45-A62525452864}.Release|Any CPU.ActiveCfg = Release|Any CPU
		{24EC2891-998A-4961-8E45-A62525452864}.Release|Any CPU.Build.0 = Release|Any CPU
		{3D770AB3-450B-4EEE-8E0A-E187184EAE22}.Debug|Any CPU.ActiveCfg = Debug|Any CPU
		{3D770AB3-450B-4EEE-8E0A-E187184EAE22}.Debug|Any CPU.Build.0 = Debug|Any CPU
		{3D770AB3-450B-4EEE-8E0A-E187184EAE22}.Release|Any CPU.ActiveCfg = Release|Any CPU
		{3D770AB3-450B-4EEE-8E0A-E187184EAE22}.Release|Any CPU.Build.0 = Release|Any CPU
		{FAB3AADC-3B90-4667-B16F-D5FE7E9D8017}.Debug|Any CPU.ActiveCfg = Debug|Any CPU
		{FAB3AADC-3B90-4667-B16F-D5FE7E9D8017}.Debug|Any CPU.Build.0 = Debug|Any CPU
		{FAB3AADC-3B90-4667-B16F-D5FE7E9D8017}.Release|Any CPU.ActiveCfg = Release|Any CPU
		{FAB3AADC-3B90-4667-B16F-D5FE7E9D8017}.Release|Any CPU.Build.0 = Release|Any CPU
		{A2D601BF-C0D3-4B3A-9977-5892970801AC}.Debug|Any CPU.ActiveCfg = Debug|Any CPU
		{A2D601BF-C0D3-4B3A-9977-5892970801AC}.Debug|Any CPU.Build.0 = Debug|Any CPU
		{A2D601BF-C0D3-4B3A-9977-5892970801AC}.Release|Any CPU.ActiveCfg = Release|Any CPU
		{A2D601BF-C0D3-4B3A-9977-5892970801AC}.Release|Any CPU.Build.0 = Release|Any CPU
		{2350A5DF-2635-47C9-9EB9-9D8E9D188955}.Debug|Any CPU.ActiveCfg = Debug|Any CPU
		{2350A5DF-2635-47C9-9EB9-9D8E9D188955}.Debug|Any CPU.Build.0 = Debug|Any CPU
		{2350A5DF-2635-47C9-9EB9-9D8E9D188955}.Release|Any CPU.ActiveCfg = Release|Any CPU
		{2350A5DF-2635-47C9-9EB9-9D8E9D188955}.Release|Any CPU.Build.0 = Release|Any CPU
		{72CC29E5-F8C5-4FEF-9F92-024283A19190}.Debug|Any CPU.ActiveCfg = Debug|Any CPU
		{72CC29E5-F8C5-4FEF-9F92-024283A19190}.Debug|Any CPU.Build.0 = Debug|Any CPU
		{72CC29E5-F8C5-4FEF-9F92-024283A19190}.Release|Any CPU.ActiveCfg = Release|Any CPU
		{72CC29E5-F8C5-4FEF-9F92-024283A19190}.Release|Any CPU.Build.0 = Release|Any CPU
		{EF3BF2C9-0D06-4348-A857-7750C48DEBFC}.Debug|Any CPU.ActiveCfg = Debug|Any CPU
		{EF3BF2C9-0D06-4348-A857-7750C48DEBFC}.Debug|Any CPU.Build.0 = Debug|Any CPU
		{EF3BF2C9-0D06-4348-A857-7750C48DEBFC}.Release|Any CPU.ActiveCfg = Release|Any CPU
		{EF3BF2C9-0D06-4348-A857-7750C48DEBFC}.Release|Any CPU.Build.0 = Release|Any CPU
		{CB9CD0EA-14D2-4D17-A7B0-A306DC7DC885}.Debug|Any CPU.ActiveCfg = Debug|Any CPU
		{CB9CD0EA-14D2-4D17-A7B0-A306DC7DC885}.Debug|Any CPU.Build.0 = Debug|Any CPU
		{CB9CD0EA-14D2-4D17-A7B0-A306DC7DC885}.Release|Any CPU.ActiveCfg = Release|Any CPU
		{CB9CD0EA-14D2-4D17-A7B0-A306DC7DC885}.Release|Any CPU.Build.0 = Release|Any CPU
		{DAD7CD92-3452-4C7D-A9B8-B5200A8AAC04}.Debug|Any CPU.ActiveCfg = Debug|Any CPU
		{DAD7CD92-3452-4C7D-A9B8-B5200A8AAC04}.Debug|Any CPU.Build.0 = Debug|Any CPU
		{DAD7CD92-3452-4C7D-A9B8-B5200A8AAC04}.Release|Any CPU.ActiveCfg = Release|Any CPU
		{DAD7CD92-3452-4C7D-A9B8-B5200A8AAC04}.Release|Any CPU.Build.0 = Release|Any CPU
		{BCDBC81C-7633-436E-AF11-0714C854079D}.Debug|Any CPU.ActiveCfg = Debug|Any CPU
		{BCDBC81C-7633-436E-AF11-0714C854079D}.Debug|Any CPU.Build.0 = Debug|Any CPU
		{BCDBC81C-7633-436E-AF11-0714C854079D}.Release|Any CPU.ActiveCfg = Release|Any CPU
		{BCDBC81C-7633-436E-AF11-0714C854079D}.Release|Any CPU.Build.0 = Release|Any CPU
		{5B8159EA-B8E9-41CD-9FFC-2190237AB4EF}.Debug|Any CPU.ActiveCfg = Debug|Any CPU
		{5B8159EA-B8E9-41CD-9FFC-2190237AB4EF}.Debug|Any CPU.Build.0 = Debug|Any CPU
		{5B8159EA-B8E9-41CD-9FFC-2190237AB4EF}.Release|Any CPU.ActiveCfg = Release|Any CPU
		{5B8159EA-B8E9-41CD-9FFC-2190237AB4EF}.Release|Any CPU.Build.0 = Release|Any CPU
		{C0CCF34A-E0CA-45A4-88C1-D451EA3CE8B0}.Debug|Any CPU.ActiveCfg = Debug|Any CPU
		{C0CCF34A-E0CA-45A4-88C1-D451EA3CE8B0}.Debug|Any CPU.Build.0 = Debug|Any CPU
		{C0CCF34A-E0CA-45A4-88C1-D451EA3CE8B0}.Release|Any CPU.ActiveCfg = Release|Any CPU
		{C0CCF34A-E0CA-45A4-88C1-D451EA3CE8B0}.Release|Any CPU.Build.0 = Release|Any CPU
		{DF398580-05A2-46AD-86E8-75C972353004}.Debug|Any CPU.ActiveCfg = Debug|Any CPU
		{DF398580-05A2-46AD-86E8-75C972353004}.Debug|Any CPU.Build.0 = Debug|Any CPU
		{DF398580-05A2-46AD-86E8-75C972353004}.Release|Any CPU.ActiveCfg = Release|Any CPU
		{DF398580-05A2-46AD-86E8-75C972353004}.Release|Any CPU.Build.0 = Release|Any CPU
		{AFA064FA-1403-434C-B93F-F05DC3BEFEF7}.Debug|Any CPU.ActiveCfg = Debug|Any CPU
		{AFA064FA-1403-434C-B93F-F05DC3BEFEF7}.Debug|Any CPU.Build.0 = Debug|Any CPU
		{AFA064FA-1403-434C-B93F-F05DC3BEFEF7}.Release|Any CPU.ActiveCfg = Release|Any CPU
		{AFA064FA-1403-434C-B93F-F05DC3BEFEF7}.Release|Any CPU.Build.0 = Release|Any CPU
		{7C2758EC-59F3-4E25-9532-B244D965C05E}.Debug|Any CPU.ActiveCfg = Debug|Any CPU
		{7C2758EC-59F3-4E25-9532-B244D965C05E}.Debug|Any CPU.Build.0 = Debug|Any CPU
		{7C2758EC-59F3-4E25-9532-B244D965C05E}.Release|Any CPU.ActiveCfg = Release|Any CPU
		{7C2758EC-59F3-4E25-9532-B244D965C05E}.Release|Any CPU.Build.0 = Release|Any CPU
		{5166C5B6-8FF9-43F6-AB36-E9A7A26C0435}.Debug|Any CPU.ActiveCfg = Debug|Any CPU
		{5166C5B6-8FF9-43F6-AB36-E9A7A26C0435}.Debug|Any CPU.Build.0 = Debug|Any CPU
		{5166C5B6-8FF9-43F6-AB36-E9A7A26C0435}.Release|Any CPU.ActiveCfg = Release|Any CPU
		{5166C5B6-8FF9-43F6-AB36-E9A7A26C0435}.Release|Any CPU.Build.0 = Release|Any CPU
		{E054C08C-8B6E-4767-999B-F7DE5F8A1E94}.Debug|Any CPU.ActiveCfg = Debug|Any CPU
		{E054C08C-8B6E-4767-999B-F7DE5F8A1E94}.Debug|Any CPU.Build.0 = Debug|Any CPU
		{E054C08C-8B6E-4767-999B-F7DE5F8A1E94}.Release|Any CPU.ActiveCfg = Release|Any CPU
		{E054C08C-8B6E-4767-999B-F7DE5F8A1E94}.Release|Any CPU.Build.0 = Release|Any CPU
		{C4DEA306-79E2-4154-9F46-EC1D22530850}.Debug|Any CPU.ActiveCfg = Debug|Any CPU
		{C4DEA306-79E2-4154-9F46-EC1D22530850}.Debug|Any CPU.Build.0 = Debug|Any CPU
		{C4DEA306-79E2-4154-9F46-EC1D22530850}.Release|Any CPU.ActiveCfg = Release|Any CPU
		{C4DEA306-79E2-4154-9F46-EC1D22530850}.Release|Any CPU.Build.0 = Release|Any CPU
		{68B84F31-BE01-4C97-A052-76D26438D10D}.Debug|Any CPU.ActiveCfg = Debug|Any CPU
		{68B84F31-BE01-4C97-A052-76D26438D10D}.Debug|Any CPU.Build.0 = Debug|Any CPU
		{68B84F31-BE01-4C97-A052-76D26438D10D}.Release|Any CPU.ActiveCfg = Release|Any CPU
		{68B84F31-BE01-4C97-A052-76D26438D10D}.Release|Any CPU.Build.0 = Release|Any CPU
		{AC8AFEFD-FD61-4752-A7F6-A2828332E44A}.Debug|Any CPU.ActiveCfg = Debug|Any CPU
		{AC8AFEFD-FD61-4752-A7F6-A2828332E44A}.Debug|Any CPU.Build.0 = Debug|Any CPU
		{AC8AFEFD-FD61-4752-A7F6-A2828332E44A}.Release|Any CPU.ActiveCfg = Release|Any CPU
		{AC8AFEFD-FD61-4752-A7F6-A2828332E44A}.Release|Any CPU.Build.0 = Release|Any CPU
		{0879B793-076B-4B0D-B288-693CEAFB64E6}.Debug|Any CPU.ActiveCfg = Debug|Any CPU
		{0879B793-076B-4B0D-B288-693CEAFB64E6}.Debug|Any CPU.Build.0 = Debug|Any CPU
		{0879B793-076B-4B0D-B288-693CEAFB64E6}.Release|Any CPU.ActiveCfg = Release|Any CPU
		{0879B793-076B-4B0D-B288-693CEAFB64E6}.Release|Any CPU.Build.0 = Release|Any CPU
	EndGlobalSection
	GlobalSection(SolutionProperties) = preSolution
		HideSolutionNode = FALSE
	EndGlobalSection
	GlobalSection(NestedProjects) = preSolution
		{29741BD0-CE09-4455-A83C-FD4A7FEED22E} = {E8FC6440-F97B-4765-BDBF-2AD743F03E1C}
		{632121C5-DB10-4F32-A239-D4FA4EE8C12E} = {A95C0C13-B2FC-43CD-AAD8-ABF30FDED901}
		{720414F3-BFBD-499A-9F44-62949931F32A} = {42939AE9-6A24-416B-AA7D-5D1790DE7042}
		{0C234DAA-FA75-4B93-A3E5-2106C240C132} = {42939AE9-6A24-416B-AA7D-5D1790DE7042}
		{9B4FDA98-4753-4329-B768-1808E5D65889} = {42939AE9-6A24-416B-AA7D-5D1790DE7042}
		{2FDB6E8F-8C71-4CE7-A1B5-D3EF68861CEA} = {77FD9F99-E03E-41D2-995C-3D79B2D13A93}
		{62E978AC-76D5-4B3F-A939-9DE7A94F5031} = {77FD9F99-E03E-41D2-995C-3D79B2D13A93}
		{C64C2AA4-C152-4427-AE81-06777403F99A} = {77FD9F99-E03E-41D2-995C-3D79B2D13A93}
		{4284C013-D8BF-4283-8056-BD90C2168119} = {C1212A52-56A1-4521-99DF-3D62EFE7A799}
		{AC6870A7-389E-41AB-8346-43B2FB89F095} = {C1212A52-56A1-4521-99DF-3D62EFE7A799}
		{B15F7006-82C4-4DA9-BFEB-40C318DFB7E9} = {C1212A52-56A1-4521-99DF-3D62EFE7A799}
		{BEF992D8-4E24-4E94-9410-53CD2B231D70} = {42939AE9-6A24-416B-AA7D-5D1790DE7042}
		{65E8D584-D933-4139-9567-424978D61C18} = {77FD9F99-E03E-41D2-995C-3D79B2D13A93}
		{0E66D285-0E37-4BC8-8A0B-C72C19A0AA83} = {C1212A52-56A1-4521-99DF-3D62EFE7A799}
		{A81C1F68-E64E-473F-B397-45F64FD5E188} = {0C234DAA-FA75-4B93-A3E5-2106C240C132}
		{FB3174F0-A81A-49F6-AC0F-95E46AB9D0F9} = {2FDB6E8F-8C71-4CE7-A1B5-D3EF68861CEA}
		{0243F87D-007F-4B74-9429-FA8CC64C4BAC} = {4284C013-D8BF-4283-8056-BD90C2168119}
		{E5B39CD9-73F4-4970-A92D-6726C2AECD55} = {42939AE9-6A24-416B-AA7D-5D1790DE7042}
		{E3AD2968-0E0A-4331-99B3-2D8FC3FF23E4} = {E5B39CD9-73F4-4970-A92D-6726C2AECD55}
		{FD348F97-EDD9-4E2D-AB0E-BDEC23F3CB5A} = {2068C6DE-DCAE-4282-9BB5-9702AD985669}
		{2068C6DE-DCAE-4282-9BB5-9702AD985669} = {77FD9F99-E03E-41D2-995C-3D79B2D13A93}
		{27C4059E-FE53-4EA9-A92D-46B4D7F70A00} = {C1212A52-56A1-4521-99DF-3D62EFE7A799}
		{76F827E3-7B3D-4491-9298-76036EDA6EBE} = {27C4059E-FE53-4EA9-A92D-46B4D7F70A00}
		{46E6FD09-A2D4-4EB2-9029-7943600E9B79} = {9B4FDA98-4753-4329-B768-1808E5D65889}
		{37FBC095-B03A-466A-8707-3FE2F5534088} = {62E978AC-76D5-4B3F-A939-9DE7A94F5031}
		{6F6873B4-9568-4B65-B33D-C08C85EBC373} = {AC6870A7-389E-41AB-8346-43B2FB89F095}
		{94A5094C-7E3B-41F7-9619-4A8A9890A9A9} = {720414F3-BFBD-499A-9F44-62949931F32A}
		{D3963C56-84B6-4951-819A-445E4ED11C15} = {C64C2AA4-C152-4427-AE81-06777403F99A}
		{47335015-F93E-4491-A97E-1433D3D6095D} = {B15F7006-82C4-4DA9-BFEB-40C318DFB7E9}
		{24EC2891-998A-4961-8E45-A62525452864} = {65E8D584-D933-4139-9567-424978D61C18}
		{3D770AB3-450B-4EEE-8E0A-E187184EAE22} = {BEF992D8-4E24-4E94-9410-53CD2B231D70}
		{16EDB506-76BE-45E2-96AE-C3B39E09CBA4} = {1D02ADC7-6A09-4463-A120-D1B1ADB596D8}
		{C013ADB4-97CB-433B-A823-768BFB8566C8} = {1D02ADC7-6A09-4463-A120-D1B1ADB596D8}
		{D47475C6-7204-4F55-A2F0-A2F85472A828} = {1D02ADC7-6A09-4463-A120-D1B1ADB596D8}
		{ACB68612-89C1-42DD-A9B5-E736397CE023} = {1D02ADC7-6A09-4463-A120-D1B1ADB596D8}
		{097ECE28-CF96-489F-8E05-53FC7D015312} = {1D02ADC7-6A09-4463-A120-D1B1ADB596D8}
		{FAB3AADC-3B90-4667-B16F-D5FE7E9D8017} = {097ECE28-CF96-489F-8E05-53FC7D015312}
		{A2D601BF-C0D3-4B3A-9977-5892970801AC} = {16EDB506-76BE-45E2-96AE-C3B39E09CBA4}
		{2350A5DF-2635-47C9-9EB9-9D8E9D188955} = {B876A243-D531-4F76-8DCD-E7E20BB5750A}
		{153098E5-67EC-46B3-AADB-7CCD20290DA4} = {42939AE9-6A24-416B-AA7D-5D1790DE7042}
		{CDD297B2-74DA-47A4-89E9-C4185C09E26B} = {77FD9F99-E03E-41D2-995C-3D79B2D13A93}
		{EB7C34E8-F9CF-42E1-8046-00A64F44C4EB} = {C1212A52-56A1-4521-99DF-3D62EFE7A799}
		{72CC29E5-F8C5-4FEF-9F92-024283A19190} = {7D8B3A8E-C5B4-4D1D-BF13-D42EE7C1E2AD}
		{EF3BF2C9-0D06-4348-A857-7750C48DEBFC} = {F300883A-89C5-47E7-95A3-30A8EA9A3FCE}
		{CB9CD0EA-14D2-4D17-A7B0-A306DC7DC885} = {25FB094F-F1C9-4BB6-9F06-138105F5CBBE}
		{DAD7CD92-3452-4C7D-A9B8-B5200A8AAC04} = {25FB094F-F1C9-4BB6-9F06-138105F5CBBE}
		{BCDBC81C-7633-436E-AF11-0714C854079D} = {25FB094F-F1C9-4BB6-9F06-138105F5CBBE}
		{5B8159EA-B8E9-41CD-9FFC-2190237AB4EF} = {25FB094F-F1C9-4BB6-9F06-138105F5CBBE}
		{C0CCF34A-E0CA-45A4-88C1-D451EA3CE8B0} = {F83686E7-85C2-47FB-884E-5699C9F35232}
		{DF398580-05A2-46AD-86E8-75C972353004} = {EB7C34E8-F9CF-42E1-8046-00A64F44C4EB}
		{AFA064FA-1403-434C-B93F-F05DC3BEFEF7} = {CDD297B2-74DA-47A4-89E9-C4185C09E26B}
		{7C2758EC-59F3-4E25-9532-B244D965C05E} = {153098E5-67EC-46B3-AADB-7CCD20290DA4}
		{5166C5B6-8FF9-43F6-AB36-E9A7A26C0435} = {A95C0C13-B2FC-43CD-AAD8-ABF30FDED901}
		{E054C08C-8B6E-4767-999B-F7DE5F8A1E94} = {7D8B3A8E-C5B4-4D1D-BF13-D42EE7C1E2AD}
		{C4DEA306-79E2-4154-9F46-EC1D22530850} = {7D8B3A8E-C5B4-4D1D-BF13-D42EE7C1E2AD}
	EndGlobalSection
	GlobalSection(ExtensibilityGlobals) = postSolution
		SolutionGuid = {5B54D31F-CB17-4DF0-B3C0-98E68139F0C2}
	EndGlobalSection
	GlobalSection(Performance) = preSolution
		HasPerformanceSessions = true
	EndGlobalSection
	GlobalSection(Performance) = preSolution
		HasPerformanceSessions = true
	EndGlobalSection
	GlobalSection(Performance) = preSolution
		HasPerformanceSessions = true
	EndGlobalSection
	GlobalSection(Performance) = preSolution
		HasPerformanceSessions = true
	EndGlobalSection
EndGlobal
