
Microsoft Visual Studio Solution File, Format Version 12.00
# Visual Studio 15
VisualStudioVersion = 15.0.27130.2036
MinimumVisualStudioVersion = 10.0.40219.1
Project("{2150E333-8FDC-42A3-9474-1A3956D46DE8}") = "1. Common", "1. Common", "{68C2C014-C837-4C06-8639-08B433B57B53}"
EndProject
Project("{2150E333-8FDC-42A3-9474-1A3956D46DE8}") = "2. Presentation Layer", "2. Presentation Layer", "{D03A0D2A-1ACC-4012-AB97-ED739F5B3F2D}"
EndProject
Project("{2150E333-8FDC-42A3-9474-1A3956D46DE8}") = "5. Domain Layer", "5. Domain Layer", "{3B86E9B2-B98C-463E-8A7B-E66BB78E04F5}"
EndProject
Project("{2150E333-8FDC-42A3-9474-1A3956D46DE8}") = "6. Persistance Layer", "6. Persistance Layer", "{9AF10E34-1168-4379-A48A-D8BB1C8FA7A1}"
EndProject
Project("{2150E333-8FDC-42A3-9474-1A3956D46DE8}") = "0. Third Party", "0. Third Party", "{8D33C19C-F621-4951-8137-2012C026AEAE}"
EndProject
Project("{2150E333-8FDC-42A3-9474-1A3956D46DE8}") = "3. Application Services Layer - Commands and Queries - CQRS", "3. Application Services Layer - Commands and Queries - CQRS", "{B4D11948-49F4-43ED-8CAA-3893E9C2A669}"
EndProject
Project("{2150E333-8FDC-42A3-9474-1A3956D46DE8}") = "4. Domain Services Layer", "4. Domain Services Layer", "{E81FF73D-CF30-4E46-BB75-C002A83E32E3}"
EndProject
Project("{2150E333-8FDC-42A3-9474-1A3956D46DE8}") = "7. Infrastructure Layer", "7. Infrastructure Layer", "{1C15CD7E-3864-44D1-94AB-E5422684218E}"
EndProject
Project("{2150E333-8FDC-42A3-9474-1A3956D46DE8}") = "src", "src", "{268BF446-C6C0-49E9-9ED3-F53197456C7E}"
EndProject
Project("{2150E333-8FDC-42A3-9474-1A3956D46DE8}") = "tests", "tests", "{784C239D-1445-4E87-84FF-4A177F819F8B}"
EndProject
Project("{FAE04EC0-301F-11D3-BF4B-00C04F79EFBC}") = "Marvin.Cache.Headers", "src\Marvin.Cache.Headers\Marvin.Cache.Headers.csproj", "{72CC29E5-F8C5-4FEF-9F92-024283A19190}"
EndProject
Project("{FAE04EC0-301F-11D3-BF4B-00C04F79EFBC}") = "DND.Bot", "src\DND.Bot\DND.Bot.csproj", "{BFB5FF62-CE7F-433A-9BEC-6F5FC0AE2352}"
EndProject
Project("{9A19103F-16F7-4668-BE54-9A1E7A4F7556}") = "DND.Web", "src\DND.Web\DND.Web.csproj", "{239D9DCC-DFD7-40C9-9E0E-55F2331109AD}"
EndProject
Project("{FAE04EC0-301F-11D3-BF4B-00C04F79EFBC}") = "DND.ApplicationServices", "src\DND.ApplicationServices\DND.ApplicationServices.csproj", "{CD5B1A44-D686-4038-A6E9-3FA0F2993CDF}"
EndProject
Project("{FAE04EC0-301F-11D3-BF4B-00C04F79EFBC}") = "DND.DomainServices", "src\DND.DomainServices\DND.DomainServices.csproj", "{00A1FCE1-7020-49B7-9E9D-0B1B551DDEFB}"
EndProject
Project("{FAE04EC0-301F-11D3-BF4B-00C04F79EFBC}") = "DND.Domain", "src\DND.Domain\DND.Domain.csproj", "{78F45465-8EF2-40DE-AA58-2EA76A9853D4}"
EndProject
Project("{FAE04EC0-301F-11D3-BF4B-00C04F79EFBC}") = "DND.EFPersistance", "src\DND.EFPersistance\DND.EFPersistance.csproj", "{B27F3141-B790-465D-A33B-1599E1F4C571}"
EndProject
Project("{FAE04EC0-301F-11D3-BF4B-00C04F79EFBC}") = "DND.EFPersistance.Identity", "src\DND.EFPersistance.Identity\DND.EFPersistance.Identity.csproj", "{AA508521-8EBB-434E-B71B-59A1A120A0AC}"
EndProject
Project("{FAE04EC0-301F-11D3-BF4B-00C04F79EFBC}") = "DND.Repository", "src\DND.Repository\DND.Repository.csproj", "{BB78C4DF-150C-424F-972C-44024374333D}"
EndProject
Project("{FAE04EC0-301F-11D3-BF4B-00C04F79EFBC}") = "DND.UnitOfWork", "src\DND.UnitOfWork\DND.UnitOfWork.csproj", "{A635535D-845A-4BFE-8E6B-C8CDBD923BF6}"
EndProject
Project("{FAE04EC0-301F-11D3-BF4B-00C04F79EFBC}") = "DND.Infrastructure", "src\DND.Infrastructure\DND.Infrastructure.csproj", "{29741BD0-CE09-4455-A83C-FD4A7FEED22E}"
EndProject
Project("{FAE04EC0-301F-11D3-BF4B-00C04F79EFBC}") = "DND.IntegrationTests", "tests\DND.IntegrationTests\DND.IntegrationTests.csproj", "{CB9CD0EA-14D2-4D17-A7B0-A306DC7DC885}"
EndProject
Project("{FAE04EC0-301F-11D3-BF4B-00C04F79EFBC}") = "DND.UnitTests", "tests\DND.UnitTests\DND.UnitTests.csproj", "{8FB5D20B-188D-4EE5-85AC-141A42EB89A3}"
EndProject
Project("{FAE04EC0-301F-11D3-BF4B-00C04F79EFBC}") = "DND.Common", "src\DND.Common\DND.Common.csproj", "{632121C5-DB10-4F32-A239-D4FA4EE8C12E}"
EndProject
Project("{FAE04EC0-301F-11D3-BF4B-00C04F79EFBC}") = "DND.IntegrationTests2", "tests\DND.IntegrationTests2\DND.IntegrationTests2.csproj", "{B6B83DF6-3C03-47B0-96D9-5CE1DB6FC332}"
EndProject
Project("{FAE04EC0-301F-11D3-BF4B-00C04F79EFBC}") = "DND.UITests", "DND.UITests\DND.UITests.csproj", "{8054A23C-67AD-4575-8B36-04214616A16E}"
EndProject
Global
	GlobalSection(SolutionConfigurationPlatforms) = preSolution
		Debug|Any CPU = Debug|Any CPU
		Release|Any CPU = Release|Any CPU
	EndGlobalSection
	GlobalSection(ProjectConfigurationPlatforms) = postSolution
		{72CC29E5-F8C5-4FEF-9F92-024283A19190}.Debug|Any CPU.ActiveCfg = Debug|Any CPU
		{72CC29E5-F8C5-4FEF-9F92-024283A19190}.Debug|Any CPU.Build.0 = Debug|Any CPU
		{72CC29E5-F8C5-4FEF-9F92-024283A19190}.Release|Any CPU.ActiveCfg = Release|Any CPU
		{72CC29E5-F8C5-4FEF-9F92-024283A19190}.Release|Any CPU.Build.0 = Release|Any CPU
		{BFB5FF62-CE7F-433A-9BEC-6F5FC0AE2352}.Debug|Any CPU.ActiveCfg = Debug|Any CPU
		{BFB5FF62-CE7F-433A-9BEC-6F5FC0AE2352}.Debug|Any CPU.Build.0 = Debug|Any CPU
		{BFB5FF62-CE7F-433A-9BEC-6F5FC0AE2352}.Release|Any CPU.ActiveCfg = Release|Any CPU
		{BFB5FF62-CE7F-433A-9BEC-6F5FC0AE2352}.Release|Any CPU.Build.0 = Release|Any CPU
		{239D9DCC-DFD7-40C9-9E0E-55F2331109AD}.Debug|Any CPU.ActiveCfg = Debug|Any CPU
		{239D9DCC-DFD7-40C9-9E0E-55F2331109AD}.Debug|Any CPU.Build.0 = Debug|Any CPU
		{239D9DCC-DFD7-40C9-9E0E-55F2331109AD}.Release|Any CPU.ActiveCfg = Release|Any CPU
		{239D9DCC-DFD7-40C9-9E0E-55F2331109AD}.Release|Any CPU.Build.0 = Release|Any CPU
		{CD5B1A44-D686-4038-A6E9-3FA0F2993CDF}.Debug|Any CPU.ActiveCfg = Debug|Any CPU
		{CD5B1A44-D686-4038-A6E9-3FA0F2993CDF}.Debug|Any CPU.Build.0 = Debug|Any CPU
		{CD5B1A44-D686-4038-A6E9-3FA0F2993CDF}.Release|Any CPU.ActiveCfg = Release|Any CPU
		{CD5B1A44-D686-4038-A6E9-3FA0F2993CDF}.Release|Any CPU.Build.0 = Release|Any CPU
		{00A1FCE1-7020-49B7-9E9D-0B1B551DDEFB}.Debug|Any CPU.ActiveCfg = Debug|Any CPU
		{00A1FCE1-7020-49B7-9E9D-0B1B551DDEFB}.Debug|Any CPU.Build.0 = Debug|Any CPU
		{00A1FCE1-7020-49B7-9E9D-0B1B551DDEFB}.Release|Any CPU.ActiveCfg = Release|Any CPU
		{00A1FCE1-7020-49B7-9E9D-0B1B551DDEFB}.Release|Any CPU.Build.0 = Release|Any CPU
		{78F45465-8EF2-40DE-AA58-2EA76A9853D4}.Debug|Any CPU.ActiveCfg = Debug|Any CPU
		{78F45465-8EF2-40DE-AA58-2EA76A9853D4}.Debug|Any CPU.Build.0 = Debug|Any CPU
		{78F45465-8EF2-40DE-AA58-2EA76A9853D4}.Release|Any CPU.ActiveCfg = Release|Any CPU
		{78F45465-8EF2-40DE-AA58-2EA76A9853D4}.Release|Any CPU.Build.0 = Release|Any CPU
		{B27F3141-B790-465D-A33B-1599E1F4C571}.Debug|Any CPU.ActiveCfg = Debug|Any CPU
		{B27F3141-B790-465D-A33B-1599E1F4C571}.Debug|Any CPU.Build.0 = Debug|Any CPU
		{B27F3141-B790-465D-A33B-1599E1F4C571}.Release|Any CPU.ActiveCfg = Release|Any CPU
		{B27F3141-B790-465D-A33B-1599E1F4C571}.Release|Any CPU.Build.0 = Release|Any CPU
		{AA508521-8EBB-434E-B71B-59A1A120A0AC}.Debug|Any CPU.ActiveCfg = Debug|Any CPU
		{AA508521-8EBB-434E-B71B-59A1A120A0AC}.Debug|Any CPU.Build.0 = Debug|Any CPU
		{AA508521-8EBB-434E-B71B-59A1A120A0AC}.Release|Any CPU.ActiveCfg = Release|Any CPU
		{AA508521-8EBB-434E-B71B-59A1A120A0AC}.Release|Any CPU.Build.0 = Release|Any CPU
		{BB78C4DF-150C-424F-972C-44024374333D}.Debug|Any CPU.ActiveCfg = Debug|Any CPU
		{BB78C4DF-150C-424F-972C-44024374333D}.Debug|Any CPU.Build.0 = Debug|Any CPU
		{BB78C4DF-150C-424F-972C-44024374333D}.Release|Any CPU.ActiveCfg = Release|Any CPU
		{BB78C4DF-150C-424F-972C-44024374333D}.Release|Any CPU.Build.0 = Release|Any CPU
		{A635535D-845A-4BFE-8E6B-C8CDBD923BF6}.Debug|Any CPU.ActiveCfg = Debug|Any CPU
		{A635535D-845A-4BFE-8E6B-C8CDBD923BF6}.Debug|Any CPU.Build.0 = Debug|Any CPU
		{A635535D-845A-4BFE-8E6B-C8CDBD923BF6}.Release|Any CPU.ActiveCfg = Release|Any CPU
		{A635535D-845A-4BFE-8E6B-C8CDBD923BF6}.Release|Any CPU.Build.0 = Release|Any CPU
		{29741BD0-CE09-4455-A83C-FD4A7FEED22E}.Debug|Any CPU.ActiveCfg = Debug|Any CPU
		{29741BD0-CE09-4455-A83C-FD4A7FEED22E}.Debug|Any CPU.Build.0 = Debug|Any CPU
		{29741BD0-CE09-4455-A83C-FD4A7FEED22E}.Release|Any CPU.ActiveCfg = Release|Any CPU
		{29741BD0-CE09-4455-A83C-FD4A7FEED22E}.Release|Any CPU.Build.0 = Release|Any CPU
		{CB9CD0EA-14D2-4D17-A7B0-A306DC7DC885}.Debug|Any CPU.ActiveCfg = Debug|Any CPU
		{CB9CD0EA-14D2-4D17-A7B0-A306DC7DC885}.Debug|Any CPU.Build.0 = Debug|Any CPU
		{CB9CD0EA-14D2-4D17-A7B0-A306DC7DC885}.Release|Any CPU.ActiveCfg = Release|Any CPU
		{CB9CD0EA-14D2-4D17-A7B0-A306DC7DC885}.Release|Any CPU.Build.0 = Release|Any CPU
		{8FB5D20B-188D-4EE5-85AC-141A42EB89A3}.Debug|Any CPU.ActiveCfg = Debug|Any CPU
		{8FB5D20B-188D-4EE5-85AC-141A42EB89A3}.Debug|Any CPU.Build.0 = Debug|Any CPU
		{8FB5D20B-188D-4EE5-85AC-141A42EB89A3}.Release|Any CPU.ActiveCfg = Release|Any CPU
		{8FB5D20B-188D-4EE5-85AC-141A42EB89A3}.Release|Any CPU.Build.0 = Release|Any CPU
		{632121C5-DB10-4F32-A239-D4FA4EE8C12E}.Debug|Any CPU.ActiveCfg = Debug|Any CPU
		{632121C5-DB10-4F32-A239-D4FA4EE8C12E}.Debug|Any CPU.Build.0 = Debug|Any CPU
		{632121C5-DB10-4F32-A239-D4FA4EE8C12E}.Release|Any CPU.ActiveCfg = Release|Any CPU
		{632121C5-DB10-4F32-A239-D4FA4EE8C12E}.Release|Any CPU.Build.0 = Release|Any CPU
		{B6B83DF6-3C03-47B0-96D9-5CE1DB6FC332}.Debug|Any CPU.ActiveCfg = Debug|Any CPU
		{B6B83DF6-3C03-47B0-96D9-5CE1DB6FC332}.Debug|Any CPU.Build.0 = Debug|Any CPU
		{B6B83DF6-3C03-47B0-96D9-5CE1DB6FC332}.Release|Any CPU.ActiveCfg = Release|Any CPU
		{B6B83DF6-3C03-47B0-96D9-5CE1DB6FC332}.Release|Any CPU.Build.0 = Release|Any CPU
		{8054A23C-67AD-4575-8B36-04214616A16E}.Debug|Any CPU.ActiveCfg = Debug|Any CPU
		{8054A23C-67AD-4575-8B36-04214616A16E}.Debug|Any CPU.Build.0 = Debug|Any CPU
		{8054A23C-67AD-4575-8B36-04214616A16E}.Release|Any CPU.ActiveCfg = Release|Any CPU
		{8054A23C-67AD-4575-8B36-04214616A16E}.Release|Any CPU.Build.0 = Release|Any CPU
	EndGlobalSection
	GlobalSection(SolutionProperties) = preSolution
		HideSolutionNode = FALSE
	EndGlobalSection
	GlobalSection(NestedProjects) = preSolution
		{68C2C014-C837-4C06-8639-08B433B57B53} = {268BF446-C6C0-49E9-9ED3-F53197456C7E}
		{D03A0D2A-1ACC-4012-AB97-ED739F5B3F2D} = {268BF446-C6C0-49E9-9ED3-F53197456C7E}
		{3B86E9B2-B98C-463E-8A7B-E66BB78E04F5} = {268BF446-C6C0-49E9-9ED3-F53197456C7E}
		{9AF10E34-1168-4379-A48A-D8BB1C8FA7A1} = {268BF446-C6C0-49E9-9ED3-F53197456C7E}
		{8D33C19C-F621-4951-8137-2012C026AEAE} = {268BF446-C6C0-49E9-9ED3-F53197456C7E}
		{B4D11948-49F4-43ED-8CAA-3893E9C2A669} = {268BF446-C6C0-49E9-9ED3-F53197456C7E}
		{E81FF73D-CF30-4E46-BB75-C002A83E32E3} = {268BF446-C6C0-49E9-9ED3-F53197456C7E}
		{1C15CD7E-3864-44D1-94AB-E5422684218E} = {268BF446-C6C0-49E9-9ED3-F53197456C7E}
		{72CC29E5-F8C5-4FEF-9F92-024283A19190} = {8D33C19C-F621-4951-8137-2012C026AEAE}
		{BFB5FF62-CE7F-433A-9BEC-6F5FC0AE2352} = {D03A0D2A-1ACC-4012-AB97-ED739F5B3F2D}
		{239D9DCC-DFD7-40C9-9E0E-55F2331109AD} = {D03A0D2A-1ACC-4012-AB97-ED739F5B3F2D}
		{CD5B1A44-D686-4038-A6E9-3FA0F2993CDF} = {B4D11948-49F4-43ED-8CAA-3893E9C2A669}
		{00A1FCE1-7020-49B7-9E9D-0B1B551DDEFB} = {E81FF73D-CF30-4E46-BB75-C002A83E32E3}
		{78F45465-8EF2-40DE-AA58-2EA76A9853D4} = {3B86E9B2-B98C-463E-8A7B-E66BB78E04F5}
		{B27F3141-B790-465D-A33B-1599E1F4C571} = {9AF10E34-1168-4379-A48A-D8BB1C8FA7A1}
		{AA508521-8EBB-434E-B71B-59A1A120A0AC} = {9AF10E34-1168-4379-A48A-D8BB1C8FA7A1}
		{BB78C4DF-150C-424F-972C-44024374333D} = {9AF10E34-1168-4379-A48A-D8BB1C8FA7A1}
		{A635535D-845A-4BFE-8E6B-C8CDBD923BF6} = {9AF10E34-1168-4379-A48A-D8BB1C8FA7A1}
		{29741BD0-CE09-4455-A83C-FD4A7FEED22E} = {1C15CD7E-3864-44D1-94AB-E5422684218E}
		{CB9CD0EA-14D2-4D17-A7B0-A306DC7DC885} = {784C239D-1445-4E87-84FF-4A177F819F8B}
		{8FB5D20B-188D-4EE5-85AC-141A42EB89A3} = {784C239D-1445-4E87-84FF-4A177F819F8B}
		{632121C5-DB10-4F32-A239-D4FA4EE8C12E} = {68C2C014-C837-4C06-8639-08B433B57B53}
		{B6B83DF6-3C03-47B0-96D9-5CE1DB6FC332} = {784C239D-1445-4E87-84FF-4A177F819F8B}
		{8054A23C-67AD-4575-8B36-04214616A16E} = {784C239D-1445-4E87-84FF-4A177F819F8B}
	EndGlobalSection
	GlobalSection(ExtensibilityGlobals) = postSolution
		SolutionGuid = {5B54D31F-CB17-4DF0-B3C0-98E68139F0C2}
	EndGlobalSection
	GlobalSection(Performance) = preSolution
		HasPerformanceSessions = true
	EndGlobalSection
	GlobalSection(Performance) = preSolution
		HasPerformanceSessions = true
	EndGlobalSection
	GlobalSection(Performance) = preSolution
		HasPerformanceSessions = true
	EndGlobalSection
	GlobalSection(Performance) = preSolution
		HasPerformanceSessions = true
	EndGlobalSection
EndGlobal
